// !$*UTF8*$!
{
	archiveVersion = 1;
	classes = {
	};
	objectVersion = 77;
	objects = {

/* Begin PBXBuildFile section */
		02C57F9DC9E77AA92F30D937 /* LocalState.swift in Sources */ = {isa = PBXBuildFile; fileRef = BFD20A8DAE1DD31B5E793721 /* LocalState.swift */; };
		16CEFE640923476C6172385C /* FavoriteUITests.swift in Sources */ = {isa = PBXBuildFile; fileRef = 0EB6B31ED245084044AF75F1 /* FavoriteUITests.swift */; };
		1951A69F1225FBF88BF405C2 /* ReviewTests.swift in Sources */ = {isa = PBXBuildFile; fileRef = 64821EB7AB9874A2FB537B19 /* ReviewTests.swift */; };
		2159996816158BE7F9430422 /* PhotoLoaderTests.swift in Sources */ = {isa = PBXBuildFile; fileRef = CE239FAE91E2A547425F22DA /* PhotoLoaderTests.swift */; };
		221265C4D4CCA10A02AABECC /* ReviewEntryView.swift in Sources */ = {isa = PBXBuildFile; fileRef = 947A393658AC0716441C3BDD /* ReviewEntryView.swift */; };
		241D6D14EF02F948CABCEB34 /* FavoriteCoordinator.swift in Sources */ = {isa = PBXBuildFile; fileRef = 096503FD4228B18E300F44F6 /* FavoriteCoordinator.swift */; };
		2A28773FE534F676EAF5A386 /* LaunchTests.swift in Sources */ = {isa = PBXBuildFile; fileRef = 144CB126D134E13E3B503982 /* LaunchTests.swift */; };
		3D4B550588849C9B8BDE55C4 /* GlassStyle.swift in Sources */ = {isa = PBXBuildFile; fileRef = EDC207713BAF7510B2645F59 /* GlassStyle.swift */; };
		5366855CA5608C7169D9910C /* ReviewTimeline.swift in Sources */ = {isa = PBXBuildFile; fileRef = D13F0DA98E74B3DBAFE9F12B /* ReviewTimeline.swift */; };
		5FCAE7ACCCB7B379C1674A05 /* SwipeGoApp.swift in Sources */ = {isa = PBXBuildFile; fileRef = ED4F5CA740674D7D05E3BE6D /* SwipeGoApp.swift */; };
		62A095E51BB5CF83DFF4F8B8 /* PermissionTests.swift in Sources */ = {isa = PBXBuildFile; fileRef = F4463A773C8ED6C0FA58BD53 /* PermissionTests.swift */; };
		66B9A877AA76F4E40F961ACC /* LibraryAccessView.swift in Sources */ = {isa = PBXBuildFile; fileRef = A83B1CEB268F320207CDE198 /* LibraryAccessView.swift */; };
		66CE7647E678B1679CCD15F0 /* HomeTests.swift in Sources */ = {isa = PBXBuildFile; fileRef = 98F75359A34D2BEA63EFDF96 /* HomeTests.swift */; };
		71B28F5FE5D98494839DA5B0 /* PhotoLoader.swift in Sources */ = {isa = PBXBuildFile; fileRef = 5854CC792A37E9FABE7877E1 /* PhotoLoader.swift */; };
		7E2462AEB6661759B96A269D /* VideoPlaybackTests.swift in Sources */ = {isa = PBXBuildFile; fileRef = 286F7BD6024E471BD68EF046 /* VideoPlaybackTests.swift */; };
		8160716A47431CA62EFEAB2E /* VideoPlayback.swift in Sources */ = {isa = PBXBuildFile; fileRef = 34CE5AD4F62EAF5045DF2098 /* VideoPlayback.swift */; };
		81BDCB73C1B5FD0B6E67B28A /* ReviewSession.swift in Sources */ = {isa = PBXBuildFile; fileRef = A7A8BF2096D0330F4C5F950B /* ReviewSession.swift */; };
		9219318978AB33A296A14EC1 /* FavoriteWriter.swift in Sources */ = {isa = PBXBuildFile; fileRef = C3E03ED20A02A99E51895444 /* FavoriteWriter.swift */; };
		9FFC88B91D63E316D4F7D337 /* ReviewSessionTests.swift in Sources */ = {isa = PBXBuildFile; fileRef = E71170683E4F2CEB6E2569E6 /* ReviewSessionTests.swift */; };
		AAEF1AD4E5F1010D10561303 /* AppConfigurationTests.swift in Sources */ = {isa = PBXBuildFile; fileRef = 26F5635CBCA41D6FF20D2A60 /* AppConfigurationTests.swift */; };
		ABB25526C7504464CC3C72B3 /* VideoTests.swift in Sources */ = {isa = PBXBuildFile; fileRef = 9D027A6E770CBB65CA512106 /* VideoTests.swift */; };
		B0525199C9E38684F067AF97 /* FavoriteTests.swift in Sources */ = {isa = PBXBuildFile; fileRef = 8AD6BD566D7BAAC6A5777029 /* FavoriteTests.swift */; };
		B62999C78774B247A022F6EB /* IntentSchema.swift in Sources */ = {isa = PBXBuildFile; fileRef = A2CFC6824312583BB703CF61 /* IntentSchema.swift */; };
		C2586B61F502CDDF7BC8F0F4 /* LocalStateStoreTests.swift in Sources */ = {isa = PBXBuildFile; fileRef = 69994E037463B36D9C9A9B1E /* LocalStateStoreTests.swift */; };
		D5B7AE584A38CAE7C6E56621 /* VideoTestHost.swift in Sources */ = {isa = PBXBuildFile; fileRef = C4284F8EF23068041371434A /* VideoTestHost.swift */; };
		DA6B4A6C21292151C4BA6569 /* ReviewGestureTests.swift in Sources */ = {isa = PBXBuildFile; fileRef = 2BFD5481FD1C0A283851A442 /* ReviewGestureTests.swift */; };
		DBBE0ADE39AC35A44F6765D4 /* LocalStateStore.swift in Sources */ = {isa = PBXBuildFile; fileRef = 8027511CFC2E855512E8E452 /* LocalStateStore.swift */; };
		E488AD82AC368B88F83D734C /* ReviewGesture.swift in Sources */ = {isa = PBXBuildFile; fileRef = CBCF227CF97B9D8360D15DFD /* ReviewGesture.swift */; };
		F1A9908841A41AB4758DCC25 /* PhotoLibraryTests.swift in Sources */ = {isa = PBXBuildFile; fileRef = A33B92FF9B9E2946BACD25B7 /* PhotoLibraryTests.swift */; };
		F44D8AC5B54364DEE9C90AF5 /* PhotoLibraryGateway.swift in Sources */ = {isa = PBXBuildFile; fileRef = 497FA0FA202AAF7FA9A989F0 /* PhotoLibraryGateway.swift */; };
		F6A1782B4D9AD7DF4227C7B4 /* clip.mp4 in Resources */ = {isa = PBXBuildFile; fileRef = C0E36A3C1D2F2C72CE75261E /* clip.mp4 */; };
		FBDBBC50362C40BE9A411C8A /* HomeView.swift in Sources */ = {isa = PBXBuildFile; fileRef = 279BF7D3E1B6CADB438E0282 /* HomeView.swift */; };
		FE9A2EC9BDBFAB462B764CA9 /* PhotoLibraryState.swift in Sources */ = {isa = PBXBuildFile; fileRef = 8825AE5D5B9E8A39204D4614 /* PhotoLibraryState.swift */; };
		FECAFD0BB3D9DA277972EB6F /* ReviewTestHost.swift in Sources */ = {isa = PBXBuildFile; fileRef = FEEFC0391128EB66CE042C73 /* ReviewTestHost.swift */; };
/* End PBXBuildFile section */

/* Begin PBXContainerItemProxy section */
		20FCE1B261B4014AB7CDCD43 /* PBXContainerItemProxy */ = {
			isa = PBXContainerItemProxy;
			containerPortal = D4F424C42DEB865750663310 /* Project object */;
			proxyType = 1;
			remoteGlobalIDString = 3D3DA6C45576E291FCA28AD2;
			remoteInfo = SwipeGo;
		};
		DDFDDF3C496C462C1101F9EA /* PBXContainerItemProxy */ = {
			isa = PBXContainerItemProxy;
			containerPortal = D4F424C42DEB865750663310 /* Project object */;
			proxyType = 1;
			remoteGlobalIDString = 3D3DA6C45576E291FCA28AD2;
			remoteInfo = SwipeGo;
		};
/* End PBXContainerItemProxy section */

/* Begin PBXFileReference section */
		096503FD4228B18E300F44F6 /* FavoriteCoordinator.swift */ = {isa = PBXFileReference; lastKnownFileType = sourcecode.swift; path = FavoriteCoordinator.swift; sourceTree = "<group>"; };
		0C6AAD92DD5565AD736E8ED7 /* SwipeGoTests.xctest */ = {isa = PBXFileReference; includeInIndex = 0; lastKnownFileType = wrapper.cfbundle; path = SwipeGoTests.xctest; sourceTree = BUILT_PRODUCTS_DIR; };
		0EB6B31ED245084044AF75F1 /* FavoriteUITests.swift */ = {isa = PBXFileReference; lastKnownFileType = sourcecode.swift; path = FavoriteUITests.swift; sourceTree = "<group>"; };
		144CB126D134E13E3B503982 /* LaunchTests.swift */ = {isa = PBXFileReference; lastKnownFileType = sourcecode.swift; path = LaunchTests.swift; sourceTree = "<group>"; };
		26F5635CBCA41D6FF20D2A60 /* AppConfigurationTests.swift */ = {isa = PBXFileReference; lastKnownFileType = sourcecode.swift; path = AppConfigurationTests.swift; sourceTree = "<group>"; };
		279BF7D3E1B6CADB438E0282 /* HomeView.swift */ = {isa = PBXFileReference; lastKnownFileType = sourcecode.swift; path = HomeView.swift; sourceTree = "<group>"; };
		286F7BD6024E471BD68EF046 /* VideoPlaybackTests.swift */ = {isa = PBXFileReference; lastKnownFileType = sourcecode.swift; path = VideoPlaybackTests.swift; sourceTree = "<group>"; };
		2BFD5481FD1C0A283851A442 /* ReviewGestureTests.swift */ = {isa = PBXFileReference; lastKnownFileType = sourcecode.swift; path = ReviewGestureTests.swift; sourceTree = "<group>"; };
		34CE5AD4F62EAF5045DF2098 /* VideoPlayback.swift */ = {isa = PBXFileReference; lastKnownFileType = sourcecode.swift; path = VideoPlayback.swift; sourceTree = "<group>"; };
		497FA0FA202AAF7FA9A989F0 /* PhotoLibraryGateway.swift */ = {isa = PBXFileReference; lastKnownFileType = sourcecode.swift; path = PhotoLibraryGateway.swift; sourceTree = "<group>"; };
		5854CC792A37E9FABE7877E1 /* PhotoLoader.swift */ = {isa = PBXFileReference; lastKnownFileType = sourcecode.swift; path = PhotoLoader.swift; sourceTree = "<group>"; };
		64821EB7AB9874A2FB537B19 /* ReviewTests.swift */ = {isa = PBXFileReference; lastKnownFileType = sourcecode.swift; path = ReviewTests.swift; sourceTree = "<group>"; };
		67FC6D021BC9297E2A3E4C4F /* SwipeGo.app */ = {isa = PBXFileReference; includeInIndex = 0; lastKnownFileType = wrapper.application; path = SwipeGo.app; sourceTree = BUILT_PRODUCTS_DIR; };
		69994E037463B36D9C9A9B1E /* LocalStateStoreTests.swift */ = {isa = PBXFileReference; lastKnownFileType = sourcecode.swift; path = LocalStateStoreTests.swift; sourceTree = "<group>"; };
		8027511CFC2E855512E8E452 /* LocalStateStore.swift */ = {isa = PBXFileReference; lastKnownFileType = sourcecode.swift; path = LocalStateStore.swift; sourceTree = "<group>"; };
		8825AE5D5B9E8A39204D4614 /* PhotoLibraryState.swift */ = {isa = PBXFileReference; lastKnownFileType = sourcecode.swift; path = PhotoLibraryState.swift; sourceTree = "<group>"; };
		8AD6BD566D7BAAC6A5777029 /* FavoriteTests.swift */ = {isa = PBXFileReference; lastKnownFileType = sourcecode.swift; path = FavoriteTests.swift; sourceTree = "<group>"; };
		947A393658AC0716441C3BDD /* ReviewEntryView.swift */ = {isa = PBXFileReference; lastKnownFileType = sourcecode.swift; path = ReviewEntryView.swift; sourceTree = "<group>"; };
		98F75359A34D2BEA63EFDF96 /* HomeTests.swift */ = {isa = PBXFileReference; lastKnownFileType = sourcecode.swift; path = HomeTests.swift; sourceTree = "<group>"; };
		9D027A6E770CBB65CA512106 /* VideoTests.swift */ = {isa = PBXFileReference; lastKnownFileType = sourcecode.swift; path = VideoTests.swift; sourceTree = "<group>"; };
		A2CFC6824312583BB703CF61 /* IntentSchema.swift */ = {isa = PBXFileReference; lastKnownFileType = sourcecode.swift; path = IntentSchema.swift; sourceTree = "<group>"; };
		A33B92FF9B9E2946BACD25B7 /* PhotoLibraryTests.swift */ = {isa = PBXFileReference; lastKnownFileType = sourcecode.swift; path = PhotoLibraryTests.swift; sourceTree = "<group>"; };
		A7A8BF2096D0330F4C5F950B /* ReviewSession.swift */ = {isa = PBXFileReference; lastKnownFileType = sourcecode.swift; path = ReviewSession.swift; sourceTree = "<group>"; };
		A83B1CEB268F320207CDE198 /* LibraryAccessView.swift */ = {isa = PBXFileReference; lastKnownFileType = sourcecode.swift; path = LibraryAccessView.swift; sourceTree = "<group>"; };
		B90BD7AB8E242342DC127E20 /* SwipeGoUITests.xctest */ = {isa = PBXFileReference; includeInIndex = 0; lastKnownFileType = wrapper.cfbundle; path = SwipeGoUITests.xctest; sourceTree = BUILT_PRODUCTS_DIR; };
		BFD20A8DAE1DD31B5E793721 /* LocalState.swift */ = {isa = PBXFileReference; lastKnownFileType = sourcecode.swift; path = LocalState.swift; sourceTree = "<group>"; };
		C0E36A3C1D2F2C72CE75261E /* clip.mp4 */ = {isa = PBXFileReference; path = clip.mp4; sourceTree = "<group>"; };
		C3E03ED20A02A99E51895444 /* FavoriteWriter.swift */ = {isa = PBXFileReference; lastKnownFileType = sourcecode.swift; path = FavoriteWriter.swift; sourceTree = "<group>"; };
		C4284F8EF23068041371434A /* VideoTestHost.swift */ = {isa = PBXFileReference; lastKnownFileType = sourcecode.swift; path = VideoTestHost.swift; sourceTree = "<group>"; };
		CBCF227CF97B9D8360D15DFD /* ReviewGesture.swift */ = {isa = PBXFileReference; lastKnownFileType = sourcecode.swift; path = ReviewGesture.swift; sourceTree = "<group>"; };
		CE239FAE91E2A547425F22DA /* PhotoLoaderTests.swift */ = {isa = PBXFileReference; lastKnownFileType = sourcecode.swift; path = PhotoLoaderTests.swift; sourceTree = "<group>"; };
		D13F0DA98E74B3DBAFE9F12B /* ReviewTimeline.swift */ = {isa = PBXFileReference; lastKnownFileType = sourcecode.swift; path = ReviewTimeline.swift; sourceTree = "<group>"; };
		E71170683E4F2CEB6E2569E6 /* ReviewSessionTests.swift */ = {isa = PBXFileReference; lastKnownFileType = sourcecode.swift; path = ReviewSessionTests.swift; sourceTree = "<group>"; };
		ED4F5CA740674D7D05E3BE6D /* SwipeGoApp.swift */ = {isa = PBXFileReference; lastKnownFileType = sourcecode.swift; path = SwipeGoApp.swift; sourceTree = "<group>"; };
		EDC207713BAF7510B2645F59 /* GlassStyle.swift */ = {isa = PBXFileReference; lastKnownFileType = sourcecode.swift; path = GlassStyle.swift; sourceTree = "<group>"; };
		F4463A773C8ED6C0FA58BD53 /* PermissionTests.swift */ = {isa = PBXFileReference; lastKnownFileType = sourcecode.swift; path = PermissionTests.swift; sourceTree = "<group>"; };
		FEEFC0391128EB66CE042C73 /* ReviewTestHost.swift */ = {isa = PBXFileReference; lastKnownFileType = sourcecode.swift; path = ReviewTestHost.swift; sourceTree = "<group>"; };
/* End PBXFileReference section */

/* Begin PBXGroup section */
		013D8433250C625330BF466F /* Persistence */ = {
			isa = PBXGroup;
			children = (
				A2CFC6824312583BB703CF61 /* IntentSchema.swift */,
				8027511CFC2E855512E8E452 /* LocalStateStore.swift */,
			);
			path = Persistence;
			sourceTree = "<group>";
		};
		0DD6A33F52974E868DCC21F1 /* App */ = {
			isa = PBXGroup;
			children = (
				FEEFC0391128EB66CE042C73 /* ReviewTestHost.swift */,
				ED4F5CA740674D7D05E3BE6D /* SwipeGoApp.swift */,
				C4284F8EF23068041371434A /* VideoTestHost.swift */,
			);
			path = App;
			sourceTree = "<group>";
		};
		20948FA7F5F90B07147E1669 /* Features */ = {
			isa = PBXGroup;
			children = (
				7E8016CA01CDA70F9194A2AA /* Home */,
				B1DB69C0DFA02F26CCEB3375 /* Permissions */,
				FAE8FB0961ED962AA738EA92 /* Review */,
			);
			path = Features;
			sourceTree = "<group>";
		};
		3DAC99FC126CA319A9D5A60B /* Review */ = {
			isa = PBXGroup;
			children = (
				CBCF227CF97B9D8360D15DFD /* ReviewGesture.swift */,
				A7A8BF2096D0330F4C5F950B /* ReviewSession.swift */,
				D13F0DA98E74B3DBAFE9F12B /* ReviewTimeline.swift */,
			);
			path = Review;
			sourceTree = "<group>";
		};
		3F5C08FBA5F2A46F264416B7 /* DesignSystem */ = {
			isa = PBXGroup;
			children = (
				EDC207713BAF7510B2645F59 /* GlassStyle.swift */,
			);
			path = DesignSystem;
			sourceTree = "<group>";
		};
		4D689F54193820E1C679490C /* Products */ = {
			isa = PBXGroup;
			children = (
				67FC6D021BC9297E2A3E4C4F /* SwipeGo.app */,
				0C6AAD92DD5565AD736E8ED7 /* SwipeGoTests.xctest */,
				B90BD7AB8E242342DC127E20 /* SwipeGoUITests.xctest */,
			);
			name = Products;
			sourceTree = "<group>";
		};
		5BC9B46614EA0F2CF5A62D63 = {
			isa = PBXGroup;
			children = (
				BC3E6507622DCBEDE85CB310 /* generated */,
				F5C7D2FDA7C7B16B65F1E867 /* SwipeGo */,
				AA1109FD5C2AE52AFB3F21C4 /* SwipeGoTests */,
				8D3B02CB40AE9FFA0957764E /* SwipeGoUITests */,
				4D689F54193820E1C679490C /* Products */,
			);
			sourceTree = "<group>";
		};
		6CE3E44486A46AA7E39C7270 /* Domain */ = {
			isa = PBXGroup;
			children = (
				BFD20A8DAE1DD31B5E793721 /* LocalState.swift */,
				8825AE5D5B9E8A39204D4614 /* PhotoLibraryState.swift */,
				95774C49F7A5C9D32904706B /* Actions */,
				3DAC99FC126CA319A9D5A60B /* Review */,
			);
			path = Domain;
			sourceTree = "<group>";
		};
		7E8016CA01CDA70F9194A2AA /* Home */ = {
			isa = PBXGroup;
			children = (
				279BF7D3E1B6CADB438E0282 /* HomeView.swift */,
			);
			path = Home;
			sourceTree = "<group>";
		};
		8D3B02CB40AE9FFA0957764E /* SwipeGoUITests */ = {
			isa = PBXGroup;
			children = (
				0EB6B31ED245084044AF75F1 /* FavoriteUITests.swift */,
				98F75359A34D2BEA63EFDF96 /* HomeTests.swift */,
				144CB126D134E13E3B503982 /* LaunchTests.swift */,
				F4463A773C8ED6C0FA58BD53 /* PermissionTests.swift */,
				64821EB7AB9874A2FB537B19 /* ReviewTests.swift */,
				9D027A6E770CBB65CA512106 /* VideoTests.swift */,
			);
			path = SwipeGoUITests;
			sourceTree = "<group>";
		};
		95774C49F7A5C9D32904706B /* Actions */ = {
			isa = PBXGroup;
			children = (
				096503FD4228B18E300F44F6 /* FavoriteCoordinator.swift */,
			);
			path = Actions;
			sourceTree = "<group>";
		};
		96B7B5FDE0FED2BF5769FCBF /* Media */ = {
			isa = PBXGroup;
			children = (
				5854CC792A37E9FABE7877E1 /* PhotoLoader.swift */,
				34CE5AD4F62EAF5045DF2098 /* VideoPlayback.swift */,
			);
			path = Media;
			sourceTree = "<group>";
		};
		AA1109FD5C2AE52AFB3F21C4 /* SwipeGoTests */ = {
			isa = PBXGroup;
			children = (
				26F5635CBCA41D6FF20D2A60 /* AppConfigurationTests.swift */,
				8AD6BD566D7BAAC6A5777029 /* FavoriteTests.swift */,
				69994E037463B36D9C9A9B1E /* LocalStateStoreTests.swift */,
				A33B92FF9B9E2946BACD25B7 /* PhotoLibraryTests.swift */,
				CE239FAE91E2A547425F22DA /* PhotoLoaderTests.swift */,
				2BFD5481FD1C0A283851A442 /* ReviewGestureTests.swift */,
				E71170683E4F2CEB6E2569E6 /* ReviewSessionTests.swift */,
				286F7BD6024E471BD68EF046 /* VideoPlaybackTests.swift */,
			);
			path = SwipeGoTests;
			sourceTree = "<group>";
		};
		B1DB69C0DFA02F26CCEB3375 /* Permissions */ = {
			isa = PBXGroup;
			children = (
				A83B1CEB268F320207CDE198 /* LibraryAccessView.swift */,
			);
			path = Permissions;
			sourceTree = "<group>";
		};
		BC3E6507622DCBEDE85CB310 /* generated */ = {
			isa = PBXGroup;
			children = (
				C0E36A3C1D2F2C72CE75261E /* clip.mp4 */,
			);
			name = generated;
			path = Fixtures/generated;
			sourceTree = "<group>";
		};
		EF2F6C9F05D15FD07BB0C0DE /* PhotoLibrary */ = {
			isa = PBXGroup;
			children = (
				C3E03ED20A02A99E51895444 /* FavoriteWriter.swift */,
				497FA0FA202AAF7FA9A989F0 /* PhotoLibraryGateway.swift */,
			);
			path = PhotoLibrary;
			sourceTree = "<group>";
		};
		F2EB648205D417A0C04058D6 /* Infrastructure */ = {
			isa = PBXGroup;
			children = (
				96B7B5FDE0FED2BF5769FCBF /* Media */,
				013D8433250C625330BF466F /* Persistence */,
				EF2F6C9F05D15FD07BB0C0DE /* PhotoLibrary */,
			);
			path = Infrastructure;
			sourceTree = "<group>";
		};
		F5C7D2FDA7C7B16B65F1E867 /* SwipeGo */ = {
			isa = PBXGroup;
			children = (
				0DD6A33F52974E868DCC21F1 /* App */,
				3F5C08FBA5F2A46F264416B7 /* DesignSystem */,
				6CE3E44486A46AA7E39C7270 /* Domain */,
				20948FA7F5F90B07147E1669 /* Features */,
				F2EB648205D417A0C04058D6 /* Infrastructure */,
			);
			path = SwipeGo;
			sourceTree = "<group>";
		};
		FAE8FB0961ED962AA738EA92 /* Review */ = {
			isa = PBXGroup;
			children = (
				947A393658AC0716441C3BDD /* ReviewEntryView.swift */,
			);
			path = Review;
			sourceTree = "<group>";
		};
/* End PBXGroup section */

/* Begin PBXNativeTarget section */
		17D86AEC5F0309AE6CAE4125 /* SwipeGoTests */ = {
			isa = PBXNativeTarget;
			buildConfigurationList = 1136D4382E56335978FB3F7C /* Build configuration list for PBXNativeTarget "SwipeGoTests" */;
			buildPhases = (
				40D63B443B3EAB2DDDD4335C /* Sources */,
				54EB47195A20B44686F9BB9A /* Resources */,
			);
			buildRules = (
			);
			dependencies = (
				1FC31E7862A44088FF7195B7 /* PBXTargetDependency */,
			);
			name = SwipeGoTests;
			packageProductDependencies = (
			);
			productName = SwipeGoTests;
			productReference = 0C6AAD92DD5565AD736E8ED7 /* SwipeGoTests.xctest */;
			productType = "com.apple.product-type.bundle.unit-test";
		};
		3D3DA6C45576E291FCA28AD2 /* SwipeGo */ = {
			isa = PBXNativeTarget;
			buildConfigurationList = 8185E99A60E7C8DE0870DF22 /* Build configuration list for PBXNativeTarget "SwipeGo" */;
			buildPhases = (
				D9436D497EFCCBCFB536CB5D /* Sources */,
			);
			buildRules = (
			);
			dependencies = (
			);
			name = SwipeGo;
			packageProductDependencies = (
			);
			productName = SwipeGo;
			productReference = 67FC6D021BC9297E2A3E4C4F /* SwipeGo.app */;
			productType = "com.apple.product-type.application";
		};
		54611F94BE40D6C6DC887904 /* SwipeGoUITests */ = {
			isa = PBXNativeTarget;
			buildConfigurationList = 530BE93BB204A75DA4A31054 /* Build configuration list for PBXNativeTarget "SwipeGoUITests" */;
			buildPhases = (
				5391B298CE2BB8B1E1AAA781 /* Sources */,
			);
			buildRules = (
			);
			dependencies = (
				B317B6CFFE752C714EE222EC /* PBXTargetDependency */,
			);
			name = SwipeGoUITests;
			packageProductDependencies = (
			);
			productName = SwipeGoUITests;
			productReference = B90BD7AB8E242342DC127E20 /* SwipeGoUITests.xctest */;
			productType = "com.apple.product-type.bundle.ui-testing";
		};
/* End PBXNativeTarget section */

/* Begin PBXProject section */
		D4F424C42DEB865750663310 /* Project object */ = {
			isa = PBXProject;
			attributes = {
				BuildIndependentTargetsInParallel = YES;
				LastUpgradeCheck = 1430;
				TargetAttributes = {
					54611F94BE40D6C6DC887904 = {
						TestTargetID = 3D3DA6C45576E291FCA28AD2;
					};
				};
			};
			buildConfigurationList = C74E7E294302C58A33D78523 /* Build configuration list for PBXProject "SwipeGo" */;
			developmentRegion = "zh-Hans";
			hasScannedForEncodings = 0;
			knownRegions = (
				Base,
				"zh-Hans",
			);
			mainGroup = 5BC9B46614EA0F2CF5A62D63;
			minimizedProjectReferenceProxies = 1;
			preferredProjectObjectVersion = 77;
			productRefGroup = 4D689F54193820E1C679490C /* Products */;
			projectDirPath = "";
			projectRoot = "";
			targets = (
				3D3DA6C45576E291FCA28AD2 /* SwipeGo */,
				17D86AEC5F0309AE6CAE4125 /* SwipeGoTests */,
				54611F94BE40D6C6DC887904 /* SwipeGoUITests */,
			);
		};
/* End PBXProject section */

/* Begin PBXResourcesBuildPhase section */
		54EB47195A20B44686F9BB9A /* Resources */ = {
			isa = PBXResourcesBuildPhase;
			buildActionMask = 2147483647;
			files = (
				F6A1782B4D9AD7DF4227C7B4 /* clip.mp4 in Resources */,
			);
			runOnlyForDeploymentPostprocessing = 0;
		};
/* End PBXResourcesBuildPhase section */

/* Begin PBXSourcesBuildPhase section */
		40D63B443B3EAB2DDDD4335C /* Sources */ = {
			isa = PBXSourcesBuildPhase;
			buildActionMask = 2147483647;
			files = (
				AAEF1AD4E5F1010D10561303 /* AppConfigurationTests.swift in Sources */,
				B0525199C9E38684F067AF97 /* FavoriteTests.swift in Sources */,
				C2586B61F502CDDF7BC8F0F4 /* LocalStateStoreTests.swift in Sources */,
				F1A9908841A41AB4758DCC25 /* PhotoLibraryTests.swift in Sources */,
				2159996816158BE7F9430422 /* PhotoLoaderTests.swift in Sources */,
				DA6B4A6C21292151C4BA6569 /* ReviewGestureTests.swift in Sources */,
				9FFC88B91D63E316D4F7D337 /* ReviewSessionTests.swift in Sources */,
				7E2462AEB6661759B96A269D /* VideoPlaybackTests.swift in Sources */,
			);
			runOnlyForDeploymentPostprocessing = 0;
		};
		5391B298CE2BB8B1E1AAA781 /* Sources */ = {
			isa = PBXSourcesBuildPhase;
			buildActionMask = 2147483647;
			files = (
				16CEFE640923476C6172385C /* FavoriteUITests.swift in Sources */,
				66CE7647E678B1679CCD15F0 /* HomeTests.swift in Sources */,
				2A28773FE534F676EAF5A386 /* LaunchTests.swift in Sources */,
				62A095E51BB5CF83DFF4F8B8 /* PermissionTests.swift in Sources */,
				1951A69F1225FBF88BF405C2 /* ReviewTests.swift in Sources */,
				ABB25526C7504464CC3C72B3 /* VideoTests.swift in Sources */,
			);
			runOnlyForDeploymentPostprocessing = 0;
		};
		D9436D497EFCCBCFB536CB5D /* Sources */ = {
			isa = PBXSourcesBuildPhase;
			buildActionMask = 2147483647;
			files = (
				241D6D14EF02F948CABCEB34 /* FavoriteCoordinator.swift in Sources */,
				9219318978AB33A296A14EC1 /* FavoriteWriter.swift in Sources */,
				3D4B550588849C9B8BDE55C4 /* GlassStyle.swift in Sources */,
				FBDBBC50362C40BE9A411C8A /* HomeView.swift in Sources */,
				B62999C78774B247A022F6EB /* IntentSchema.swift in Sources */,
				66B9A877AA76F4E40F961ACC /* LibraryAccessView.swift in Sources */,
				02C57F9DC9E77AA92F30D937 /* LocalState.swift in Sources */,
				DBBE0ADE39AC35A44F6765D4 /* LocalStateStore.swift in Sources */,
				F44D8AC5B54364DEE9C90AF5 /* PhotoLibraryGateway.swift in Sources */,
				FE9A2EC9BDBFAB462B764CA9 /* PhotoLibraryState.swift in Sources */,
				71B28F5FE5D98494839DA5B0 /* PhotoLoader.swift in Sources */,
				221265C4D4CCA10A02AABECC /* ReviewEntryView.swift in Sources */,
				E488AD82AC368B88F83D734C /* ReviewGesture.swift in Sources */,
				81BDCB73C1B5FD0B6E67B28A /* ReviewSession.swift in Sources */,
				FECAFD0BB3D9DA277972EB6F /* ReviewTestHost.swift in Sources */,
				5366855CA5608C7169D9910C /* ReviewTimeline.swift in Sources */,
				5FCAE7ACCCB7B379C1674A05 /* SwipeGoApp.swift in Sources */,
				8160716A47431CA62EFEAB2E /* VideoPlayback.swift in Sources */,
				D5B7AE584A38CAE7C6E56621 /* VideoTestHost.swift in Sources */,
			);
			runOnlyForDeploymentPostprocessing = 0;
		};
/* End PBXSourcesBuildPhase section */

/* Begin PBXTargetDependency section */
		1FC31E7862A44088FF7195B7 /* PBXTargetDependency */ = {
			isa = PBXTargetDependency;
			target = 3D3DA6C45576E291FCA28AD2 /* SwipeGo */;
			targetProxy = 20FCE1B261B4014AB7CDCD43 /* PBXContainerItemProxy */;
		};
		B317B6CFFE752C714EE222EC /* PBXTargetDependency */ = {
			isa = PBXTargetDependency;
			target = 3D3DA6C45576E291FCA28AD2 /* SwipeGo */;
			targetProxy = DDFDDF3C496C462C1101F9EA /* PBXContainerItemProxy */;
		};
/* End PBXTargetDependency section */

/* Begin XCBuildConfiguration section */
		0A1ACC9A798612BA22234D34 /* Debug */ = {
			isa = XCBuildConfiguration;
			buildSettings = {
				ASSETCATALOG_COMPILER_APPICON_NAME = AppIcon;
				CODE_SIGN_IDENTITY = "iPhone Developer";
				GENERATE_INFOPLIST_FILE = YES;
				INFOPLIST_KEY_CFBundleDisplayName = "时光";
				INFOPLIST_KEY_NSPhotoLibraryUsageDescription = "用于回顾你选择的照片与视频，收藏和删除仅在你明确操作后执行。";
				INFOPLIST_KEY_PHPhotoLibraryPreventAutomaticLimitedAccessAlert = YES;
				INFOPLIST_KEY_UIApplicationSceneManifest_Generation = YES;
				INFOPLIST_KEY_UILaunchScreen_Generation = YES;
				INFOPLIST_KEY_UISupportedInterfaceOrientations = UIInterfaceOrientationPortrait;
				LD_RUNPATH_SEARCH_PATHS = (
					"$(inherited)",
					"@executable_path/Frameworks",
				);
				PRODUCT_BUNDLE_IDENTIFIER = dev.armstrong.swipego;
				SDKROOT = iphoneos;
				TARGETED_DEVICE_FAMILY = 1;
			};
			name = Debug;
		};
		1A7679AE3C499E6A376F1C8B /* Debug */ = {
			isa = XCBuildConfiguration;
			buildSettings = {
				BUNDLE_LOADER = "$(TEST_HOST)";
				GENERATE_INFOPLIST_FILE = YES;
				LD_RUNPATH_SEARCH_PATHS = (
					"$(inherited)",
					"@executable_path/Frameworks",
					"@loader_path/Frameworks",
				);
				PRODUCT_BUNDLE_IDENTIFIER = dev.armstrong.swipego.tests;
				SDKROOT = iphoneos;
				TARGETED_DEVICE_FAMILY = 1;
				TEST_HOST = "$(BUILT_PRODUCTS_DIR)/SwipeGo.app/SwipeGo";
			};
			name = Debug;
		};
		1CDD008A496163DDA9BAA3CB /* Release */ = {
			isa = XCBuildConfiguration;
			buildSettings = {
				ALWAYS_SEARCH_USER_PATHS = NO;
				CLANG_ANALYZER_NONNULL = YES;
				CLANG_ANALYZER_NUMBER_OBJECT_CONVERSION = YES_AGGRESSIVE;
				CLANG_CXX_LANGUAGE_STANDARD = "gnu++14";
				CLANG_CXX_LIBRARY = "libc++";
				CLANG_ENABLE_MODULES = YES;
				CLANG_ENABLE_OBJC_ARC = YES;
				CLANG_ENABLE_OBJC_WEAK = YES;
				CLANG_WARN_BLOCK_CAPTURE_AUTORELEASING = YES;
				CLANG_WARN_BOOL_CONVERSION = YES;
				CLANG_WARN_COMMA = YES;
				CLANG_WARN_CONSTANT_CONVERSION = YES;
				CLANG_WARN_DEPRECATED_OBJC_IMPLEMENTATIONS = YES;
				CLANG_WARN_DIRECT_OBJC_ISA_USAGE = YES_ERROR;
				CLANG_WARN_DOCUMENTATION_COMMENTS = YES;
				CLANG_WARN_EMPTY_BODY = YES;
				CLANG_WARN_ENUM_CONVERSION = YES;
				CLANG_WARN_INFINITE_RECURSION = YES;
				CLANG_WARN_INT_CONVERSION = YES;
				CLANG_WARN_NON_LITERAL_NULL_CONVERSION = YES;
				CLANG_WARN_OBJC_IMPLICIT_RETAIN_SELF = YES;
				CLANG_WARN_OBJC_LITERAL_CONVERSION = YES;
				CLANG_WARN_OBJC_ROOT_CLASS = YES_ERROR;
				CLANG_WARN_QUOTED_INCLUDE_IN_FRAMEWORK_HEADER = YES;
				CLANG_WARN_RANGE_LOOP_ANALYSIS = YES;
				CLANG_WARN_STRICT_PROTOTYPES = YES;
				CLANG_WARN_SUSPICIOUS_MOVE = YES;
				CLANG_WARN_UNGUARDED_AVAILABILITY = YES_AGGRESSIVE;
				CLANG_WARN_UNREACHABLE_CODE = YES;
				CLANG_WARN__DUPLICATE_METHOD_MATCH = YES;
				COPY_PHASE_STRIP = NO;
				CURRENT_PROJECT_VERSION = 1;
				DEBUG_INFORMATION_FORMAT = "dwarf-with-dsym";
				ENABLE_NS_ASSERTIONS = NO;
				ENABLE_STRICT_OBJC_MSGSEND = YES;
				GCC_C_LANGUAGE_STANDARD = gnu11;
				GCC_NO_COMMON_BLOCKS = YES;
				GCC_WARN_64_TO_32_BIT_CONVERSION = YES;
				GCC_WARN_ABOUT_RETURN_TYPE = YES_ERROR;
				GCC_WARN_UNDECLARED_SELECTOR = YES;
				GCC_WARN_UNINITIALIZED_AUTOS = YES_AGGRESSIVE;
				GCC_WARN_UNUSED_FUNCTION = YES;
				GCC_WARN_UNUSED_VARIABLE = YES;
				IPHONEOS_DEPLOYMENT_TARGET = 26.0;
				MARKETING_VERSION = 0.1.0;
				MTL_ENABLE_DEBUG_INFO = NO;
				MTL_FAST_MATH = YES;
				PRODUCT_NAME = "$(TARGET_NAME)";
				SDKROOT = iphoneos;
				SWIFT_COMPILATION_MODE = wholemodule;
				SWIFT_OPTIMIZATION_LEVEL = "-O";
				SWIFT_VERSION = 6.0;
				TARGETED_DEVICE_FAMILY = 1;
			};
			name = Release;
		};
		35F9EF1164B2B1D9B7BE19AE /* Debug */ = {
			isa = XCBuildConfiguration;
			buildSettings = {
				BUNDLE_LOADER = "$(TEST_HOST)";
				GENERATE_INFOPLIST_FILE = YES;
				LD_RUNPATH_SEARCH_PATHS = (
					"$(inherited)",
					"@executable_path/Frameworks",
					"@loader_path/Frameworks",
				);
				PRODUCT_BUNDLE_IDENTIFIER = dev.armstrong.swipego.uitests;
				SDKROOT = iphoneos;
				TARGETED_DEVICE_FAMILY = 1;
				TEST_TARGET_NAME = SwipeGo;
			};
			name = Debug;
		};
		5155FEE87DBFBCFA41175255 /* Release */ = {
			isa = XCBuildConfiguration;
			buildSettings = {
				BUNDLE_LOADER = "$(TEST_HOST)";
				GENERATE_INFOPLIST_FILE = YES;
				LD_RUNPATH_SEARCH_PATHS = (
					"$(inherited)",
					"@executable_path/Frameworks",
					"@loader_path/Frameworks",
				);
				PRODUCT_BUNDLE_IDENTIFIER = dev.armstrong.swipego.uitests;
				SDKROOT = iphoneos;
				TARGETED_DEVICE_FAMILY = 1;
				TEST_TARGET_NAME = SwipeGo;
			};
			name = Release;
		};
		8C574E1C9A4DAC4D6B7093D3 /* Release */ = {
			isa = XCBuildConfiguration;
			buildSettings = {
				ASSETCATALOG_COMPILER_APPICON_NAME = AppIcon;
				CODE_SIGN_IDENTITY = "iPhone Developer";
				GENERATE_INFOPLIST_FILE = YES;
				INFOPLIST_KEY_CFBundleDisplayName = "时光";
				INFOPLIST_KEY_NSPhotoLibraryUsageDescription = "用于回顾你选择的照片与视频，收藏和删除仅在你明确操作后执行。";
				INFOPLIST_KEY_PHPhotoLibraryPreventAutomaticLimitedAccessAlert = YES;
				INFOPLIST_KEY_UIApplicationSceneManifest_Generation = YES;
				INFOPLIST_KEY_UILaunchScreen_Generation = YES;
				INFOPLIST_KEY_UISupportedInterfaceOrientations = UIInterfaceOrientationPortrait;
				LD_RUNPATH_SEARCH_PATHS = (
					"$(inherited)",
					"@executable_path/Frameworks",
				);
				PRODUCT_BUNDLE_IDENTIFIER = dev.armstrong.swipego;
				SDKROOT = iphoneos;
				TARGETED_DEVICE_FAMILY = 1;
			};
			name = Release;
		};
		C6E524A63B085917E5016777 /* Debug */ = {
			isa = XCBuildConfiguration;
			buildSettings = {
				ALWAYS_SEARCH_USER_PATHS = NO;
				CLANG_ANALYZER_NONNULL = YES;
				CLANG_ANALYZER_NUMBER_OBJECT_CONVERSION = YES_AGGRESSIVE;
				CLANG_CXX_LANGUAGE_STANDARD = "gnu++14";
				CLANG_CXX_LIBRARY = "libc++";
				CLANG_ENABLE_MODULES = YES;
				CLANG_ENABLE_OBJC_ARC = YES;
				CLANG_ENABLE_OBJC_WEAK = YES;
				CLANG_WARN_BLOCK_CAPTURE_AUTORELEASING = YES;
				CLANG_WARN_BOOL_CONVERSION = YES;
				CLANG_WARN_COMMA = YES;
				CLANG_WARN_CONSTANT_CONVERSION = YES;
				CLANG_WARN_DEPRECATED_OBJC_IMPLEMENTATIONS = YES;
				CLANG_WARN_DIRECT_OBJC_ISA_USAGE = YES_ERROR;
				CLANG_WARN_DOCUMENTATION_COMMENTS = YES;
				CLANG_WARN_EMPTY_BODY = YES;
				CLANG_WARN_ENUM_CONVERSION = YES;
				CLANG_WARN_INFINITE_RECURSION = YES;
				CLANG_WARN_INT_CONVERSION = YES;
				CLANG_WARN_NON_LITERAL_NULL_CONVERSION = YES;
				CLANG_WARN_OBJC_IMPLICIT_RETAIN_SELF = YES;
				CLANG_WARN_OBJC_LITERAL_CONVERSION = YES;
				CLANG_WARN_OBJC_ROOT_CLASS = YES_ERROR;
				CLANG_WARN_QUOTED_INCLUDE_IN_FRAMEWORK_HEADER = YES;
				CLANG_WARN_RANGE_LOOP_ANALYSIS = YES;
				CLANG_WARN_STRICT_PROTOTYPES = YES;
				CLANG_WARN_SUSPICIOUS_MOVE = YES;
				CLANG_WARN_UNGUARDED_AVAILABILITY = YES_AGGRESSIVE;
				CLANG_WARN_UNREACHABLE_CODE = YES;
				CLANG_WARN__DUPLICATE_METHOD_MATCH = YES;
				COPY_PHASE_STRIP = NO;
				CURRENT_PROJECT_VERSION = 1;
				DEBUG_INFORMATION_FORMAT = dwarf;
				ENABLE_STRICT_OBJC_MSGSEND = YES;
				ENABLE_TESTABILITY = YES;
				GCC_C_LANGUAGE_STANDARD = gnu11;
				GCC_DYNAMIC_NO_PIC = NO;
				GCC_NO_COMMON_BLOCKS = YES;
				GCC_OPTIMIZATION_LEVEL = 0;
				GCC_PREPROCESSOR_DEFINITIONS = (
					"$(inherited)",
					"DEBUG=1",
				);
				GCC_WARN_64_TO_32_BIT_CONVERSION = YES;
				GCC_WARN_ABOUT_RETURN_TYPE = YES_ERROR;
				GCC_WARN_UNDECLARED_SELECTOR = YES;
				GCC_WARN_UNINITIALIZED_AUTOS = YES_AGGRESSIVE;
				GCC_WARN_UNUSED_FUNCTION = YES;
				GCC_WARN_UNUSED_VARIABLE = YES;
				IPHONEOS_DEPLOYMENT_TARGET = 26.0;
				MARKETING_VERSION = 0.1.0;
				MTL_ENABLE_DEBUG_INFO = INCLUDE_SOURCE;
				MTL_FAST_MATH = YES;
				ONLY_ACTIVE_ARCH = YES;
				PRODUCT_NAME = "$(TARGET_NAME)";
				SDKROOT = iphoneos;
				SWIFT_ACTIVE_COMPILATION_CONDITIONS = DEBUG;
				SWIFT_OPTIMIZATION_LEVEL = "-Onone";
				SWIFT_VERSION = 6.0;
				TARGETED_DEVICE_FAMILY = 1;
			};
			name = Debug;
		};
		F3F5919CF03728CF63A4F4EE /* Release */ = {
			isa = XCBuildConfiguration;
			buildSettings = {
				BUNDLE_LOADER = "$(TEST_HOST)";
				GENERATE_INFOPLIST_FILE = YES;
				LD_RUNPATH_SEARCH_PATHS = (
					"$(inherited)",
					"@executable_path/Frameworks",
					"@loader_path/Frameworks",
				);
				PRODUCT_BUNDLE_IDENTIFIER = dev.armstrong.swipego.tests;
				SDKROOT = iphoneos;
				TARGETED_DEVICE_FAMILY = 1;
				TEST_HOST = "$(BUILT_PRODUCTS_DIR)/SwipeGo.app/SwipeGo";
			};
			name = Release;
		};
/* End XCBuildConfiguration section */

/* Begin XCConfigurationList section */
		1136D4382E56335978FB3F7C /* Build configuration list for PBXNativeTarget "SwipeGoTests" */ = {
			isa = XCConfigurationList;
			buildConfigurations = (
				1A7679AE3C499E6A376F1C8B /* Debug */,
				F3F5919CF03728CF63A4F4EE /* Release */,
			);
			defaultConfigurationIsVisible = 0;
			defaultConfigurationName = Debug;
		};
		530BE93BB204A75DA4A31054 /* Build configuration list for PBXNativeTarget "SwipeGoUITests" */ = {
			isa = XCConfigurationList;
			buildConfigurations = (
				35F9EF1164B2B1D9B7BE19AE /* Debug */,
				5155FEE87DBFBCFA41175255 /* Release */,
			);
			defaultConfigurationIsVisible = 0;
			defaultConfigurationName = Debug;
		};
		8185E99A60E7C8DE0870DF22 /* Build configuration list for PBXNativeTarget "SwipeGo" */ = {
			isa = XCConfigurationList;
			buildConfigurations = (
				0A1ACC9A798612BA22234D34 /* Debug */,
				8C574E1C9A4DAC4D6B7093D3 /* Release */,
			);
			defaultConfigurationIsVisible = 0;
			defaultConfigurationName = Debug;
		};
		C74E7E294302C58A33D78523 /* Build configuration list for PBXProject "SwipeGo" */ = {
			isa = XCConfigurationList;
			buildConfigurations = (
				C6E524A63B085917E5016777 /* Debug */,
				1CDD008A496163DDA9BAA3CB /* Release */,
			);
			defaultConfigurationIsVisible = 0;
			defaultConfigurationName = Debug;
		};
/* End XCConfigurationList section */
	};
	rootObject = D4F424C42DEB865750663310 /* Project object */;
}
